
Microsoft Visual Studio Solution File, Format Version 12.00
Project("{FAE04EC0-301F-11D3-BF4B-00C04F79EFBC}") = "AccountingApi", "AccountingApi\AccountingApi.csproj", "{14CE9732-ED11-4B59-BF46-2AA32135236D}"
EndProject
Global
	GlobalSection(SolutionConfigurationPlatforms) = preSolution
		Debug|Any CPU = Debug|Any CPU
		Release|Any CPU = Release|Any CPU
	EndGlobalSection
	GlobalSection(ProjectConfigurationPlatforms) = postSolution
		{14CE9732-ED11-4B59-BF46-2AA32135236D}.Debug|Any CPU.ActiveCfg = Debug|Any CPU
		{14CE9732-ED11-4B59-BF46-2AA32135236D}.Debug|Any CPU.Build.0 = Debug|Any CPU
		{14CE9732-ED11-4B59-BF46-2AA32135236D}.Release|Any CPU.ActiveCfg = Release|Any CPU
		{14CE9732-ED11-4B59-BF46-2AA32135236D}.Release|Any CPU.Build.0 = Release|Any CPU
	EndGlobalSection
EndGlobal
